# This file is generated by running "yarn install" inside your project.
# Manual changes might be lost - proceed with caution!

__metadata:
  version: 4
  cacheKey: 7

"bug@workspace:.":
  version: 0.0.0-use.local
  resolution: "bug@workspace:."
  dependencies:
    fs-monkey: ^1.0.1
    memfs: ^3.2.0
    unionfs: ^4.4.0
  languageName: unknown
  linkType: soft

"fs-monkey@npm:1.0.1, fs-monkey@npm:^1.0.0, fs-monkey@npm:^1.0.1":
  version: 1.0.1
  resolution: "fs-monkey@npm:1.0.1"
  checksum: 2ecb8ef5896fc66a5d6fbb9af6e1f9c5723b46ff46cbd91c815262c405318dad8cb6f1bbb36d9c63ec257131731fbdfa433683bc1fea34b4be17b07e64c826cc
  languageName: node
  linkType: hard

"memfs@npm:^3.2.0":
  version: 3.2.0
  resolution: "memfs@npm:3.2.0"
  dependencies:
    fs-monkey: 1.0.1
  checksum: 48bf758246937c6ceadaecc31e81050d4745dac5e031e3080961c28311bcc4b29e99f9cc4110103a0cb9f004c30c59926eaf15d10f4ac9a00b773b256a918ae2
  languageName: node
  linkType: hard

"unionfs@npm:^4.4.0":
  version: 4.4.0
  resolution: "unionfs@npm:4.4.0"
  dependencies:
    fs-monkey: ^1.0.0
  checksum: abc6a3b4b3e9640413e4174889c8ec9cbe5df9bbd8567211c5e15e1005814d3a262dee986747723560b84e6a4b3223884e6fc3ee76f02d2961b7f18090bc92da
  languageName: node
  linkType: hard
